// !$*UTF8*$!
{
	archiveVersion = 1;
	classes = {
	};
	objectVersion = 77;
	objects = {

/* Begin PBXBuildFile section */
		260C4638209FCE498F36DC11 /* Noto2QuickCaptureIntent.swift in Sources */ = {isa = PBXBuildFile; fileRef = 258D1BBCE132EE72D17CAB8E /* Noto2QuickCaptureIntent.swift */; };
		58A1D0018A1D001000000001 /* NotoReadwiseSyncCore in Frameworks */ = {isa = PBXBuildFile; productRef = 58A1D0018A1D001000000003 /* NotoReadwiseSyncCore */; };
		58A1D0018A1D001000000002 /* NotoReadwiseSyncCore in Frameworks */ = {isa = PBXBuildFile; productRef = 58A1D0018A1D001000000004 /* NotoReadwiseSyncCore */; };
		58A1D0018A1D001000000007 /* NotoSearch in Frameworks */ = {isa = PBXBuildFile; productRef = 58A1D0018A1D001000000008 /* NotoSearch */; };
		58A1D0018A1D00100000000C /* NotoChat in Frameworks */ = {isa = PBXBuildFile; productRef = 58A1D0018A1D00100000000B /* NotoChat */; };
		58A1D0018A1D00100000000F /* NotoEmbedding in Frameworks */ = {isa = PBXBuildFile; productRef = 58A1D0018A1D00100000000E /* NotoEmbedding */; };
		5DB7BFB72F97BDEB0018E268 /* NotoIcon.icon in Resources */ = {isa = PBXBuildFile; fileRef = 5DB7BFB62F97BDEB0018E268 /* NotoIcon.icon */; };
		5DF600000000000000000001 /* NotoTags in Frameworks */ = {isa = PBXBuildFile; productRef = 5DF600000000000000000002 /* NotoTags */; };
		5DFAED8F2F5F135300F3DACD /* NotoVault in Frameworks */ = {isa = PBXBuildFile; productRef = CCDD000B000000000000000B /* NotoVault */; };
		5DFAED902F5F135300F3DACD /* NotoVault in Frameworks */ = {isa = PBXBuildFile; productRef = EEFF000B000000000000000B /* NotoVault */; };
		6835FFFD57E2EF429C10E5E9 /* Noto2QuickCaptureControl.appex in Embed App Extensions */ = {isa = PBXBuildFile; fileRef = 58FDAF8F6C5503B565EF0598 /* Noto2QuickCaptureControl.appex */; settings = {ATTRIBUTES = (CodeSignOnCopy, RemoveHeadersOnCopy, ); }; };
		89D532451D69C02D77D417C3 /* Noto2QuickCaptureIntent.swift in Sources */ = {isa = PBXBuildFile; fileRef = 258D1BBCE132EE72D17CAB8E /* Noto2QuickCaptureIntent.swift */; };
		A20000000000000000000030 /* NotoVault in Frameworks */ = {isa = PBXBuildFile; productRef = A20000000000000000000020 /* NotoVault */; };
		A20000000000000000000031 /* NotoTags in Frameworks */ = {isa = PBXBuildFile; productRef = A20000000000000000000021 /* NotoTags */; };
		A20000000000000000000032 /* NotoSearch in Frameworks */ = {isa = PBXBuildFile; productRef = A20000000000000000000022 /* NotoSearch */; };
		A20000000000000000000033 /* NotoChat in Frameworks */ = {isa = PBXBuildFile; productRef = A20000000000000000000023 /* NotoChat */; };
		A20000000000000000000034 /* NotoEmbedding in Frameworks */ = {isa = PBXBuildFile; productRef = A20000000000000000000024 /* NotoEmbedding */; };
		A20000000000000000000035 /* NotoDigest in Frameworks */ = {isa = PBXBuildFile; productRef = A20000000000000000000025 /* NotoDigest */; };
		A20000000000000000000051 /* NotoVault in Frameworks */ = {isa = PBXBuildFile; productRef = A20000000000000000000050 /* NotoVault */; };
		A20000000000000000000053 /* NotoSearch in Frameworks */ = {isa = PBXBuildFile; productRef = A20000000000000000000052 /* NotoSearch */; };
		A20000000000000000000055 /* NotoDigest in Frameworks */ = {isa = PBXBuildFile; productRef = A20000000000000000000054 /* NotoDigest */; };
		A20000000000000000000061 /* Noto2Icon.icon in Resources */ = {isa = PBXBuildFile; fileRef = A20000000000000000000060 /* Noto2Icon.icon */; };
		A2EBC6BDFFF520AC5DEEA865 /* Foundation.framework in Frameworks */ = {isa = PBXBuildFile; fileRef = 8CA0549E2D705A888D3673E4 /* Foundation.framework */; };
		B70000000000000000000002 /* Noto2ShareExtension.appex in Embed App Extensions */ = {isa = PBXBuildFile; fileRef = B70000000000000000000001 /* Noto2ShareExtension.appex */; settings = {ATTRIBUTES = (CodeSignOnCopy, RemoveHeadersOnCopy, ); }; };
		B70000000000000000000004 /* ShareViewController.swift in Sources */ = {isa = PBXBuildFile; fileRef = B70000000000000000000003 /* ShareViewController.swift */; };
		B70000000000000000000007 /* NotoShareTitle.js in Resources */ = {isa = PBXBuildFile; fileRef = B70000000000000000000006 /* NotoShareTitle.js */; };
		B70000000000000000000021 /* NotoShareCapture in Frameworks */ = {isa = PBXBuildFile; productRef = B70000000000000000000020 /* NotoShareCapture */; };
		B70000000000000000000023 /* NotoShareCapture in Frameworks */ = {isa = PBXBuildFile; productRef = B70000000000000000000022 /* NotoShareCapture */; };
		B70000000000000000000025 /* NotoShareCapture in Frameworks */ = {isa = PBXBuildFile; productRef = B70000000000000000000024 /* NotoShareCapture */; };
		B70000000000000000000027 /* NotoShareCapture in Frameworks */ = {isa = PBXBuildFile; productRef = B70000000000000000000026 /* NotoShareCapture */; };
		B70000000000000000000028 /* Noto2QuickCaptureIntent.swift in Sources */ = {isa = PBXBuildFile; fileRef = 258D1BBCE132EE72D17CAB8E /* Noto2QuickCaptureIntent.swift */; };
		B70000000000000000000030 /* NotoLinkPreview in Frameworks */ = {isa = PBXBuildFile; productRef = B70000000000000000000031 /* NotoLinkPreview */; };
		B70000000000000000000032 /* NotoLinkPreview in Frameworks */ = {isa = PBXBuildFile; productRef = B70000000000000000000033 /* NotoLinkPreview */; };
		B70000000000000000000034 /* NotoLinkPreview in Frameworks */ = {isa = PBXBuildFile; productRef = B70000000000000000000035 /* NotoLinkPreview */; };
		E35366682A4BD0316C8999B4 /* Noto2QuickCaptureControl.swift in Sources */ = {isa = PBXBuildFile; fileRef = 9C668640928AB37E2CA8673D /* Noto2QuickCaptureControl.swift */; };
/* End PBXBuildFile section */

/* Begin PBXContainerItemProxy section */
		40FD7D19E9BCC6B12BA6FBDE /* PBXContainerItemProxy */ = {
			isa = PBXContainerItemProxy;
			containerPortal = 5DF5FAF62F0EC372008EDC76 /* Project object */;
			proxyType = 1;
			remoteGlobalIDString = C1B9129E154C7B9E50745334;
			remoteInfo = Noto2QuickCaptureControl;
		};
		5DE568FA2F80191200EC8657 /* PBXContainerItemProxy */ = {
			isa = PBXContainerItemProxy;
			containerPortal = 5DF5FAF62F0EC372008EDC76 /* Project object */;
			proxyType = 1;
			remoteGlobalIDString = 5DF5FAFD2F0EC372008EDC76;
			remoteInfo = Noto;
		};
		5DE569092F80191F00EC8657 /* PBXContainerItemProxy */ = {
			isa = PBXContainerItemProxy;
			containerPortal = 5DF5FAF62F0EC372008EDC76 /* Project object */;
			proxyType = 1;
			remoteGlobalIDString = 5DF5FAFD2F0EC372008EDC76;
			remoteInfo = Noto;
		};
		5DF5FB0F2F0EC373008EDC76 /* PBXContainerItemProxy */ = {
			isa = PBXContainerItemProxy;
			containerPortal = 5DF5FAF62F0EC372008EDC76 /* Project object */;
			proxyType = 1;
			remoteGlobalIDString = 5DF5FAFD2F0EC372008EDC76;
			remoteInfo = Noto;
		};
		A20000000000000000000048 /* PBXContainerItemProxy */ = {
			isa = PBXContainerItemProxy;
			containerPortal = 5DF5FAF62F0EC372008EDC76 /* Project object */;
			proxyType = 1;
			remoteGlobalIDString = A20000000000000000000010;
			remoteInfo = Noto2;
		};
		B70000000000000000000017 /* PBXContainerItemProxy */ = {
			isa = PBXContainerItemProxy;
			containerPortal = 5DF5FAF62F0EC372008EDC76 /* Project object */;
			proxyType = 1;
			remoteGlobalIDString = B70000000000000000000010;
			remoteInfo = Noto2ShareExtension;
		};
/* End PBXContainerItemProxy section */

/* Begin PBXCopyFilesBuildPhase section */
		176A451EBDFC68CE7BE160BC /* Embed App Extensions */ = {
			isa = PBXCopyFilesBuildPhase;
			buildActionMask = 2147483647;
			dstPath = "";
			dstSubfolderSpec = 13;
			files = (
				6835FFFD57E2EF429C10E5E9 /* Noto2QuickCaptureControl.appex in Embed App Extensions */,
				B70000000000000000000002 /* Noto2ShareExtension.appex in Embed App Extensions */,
			);
			name = "Embed App Extensions";
			runOnlyForDeploymentPostprocessing = 0;
		};
/* End PBXCopyFilesBuildPhase section */

/* Begin PBXFileReference section */
		258D1BBCE132EE72D17CAB8E /* Noto2QuickCaptureIntent.swift */ = {isa = PBXFileReference; includeInIndex = 1; lastKnownFileType = sourcecode.swift; path = Noto2QuickCaptureIntent.swift; sourceTree = "<group>"; };
		58A1D0018A1D001000000005 /* ReadwiseSecrets.xcconfig */ = {isa = PBXFileReference; lastKnownFileType = text.xcconfig; path = Config/ReadwiseSecrets.xcconfig; sourceTree = "<group>"; };
		58FDAF8F6C5503B565EF0598 /* Noto2QuickCaptureControl.appex */ = {isa = PBXFileReference; explicitFileType = "wrapper.app-extension"; includeInIndex = 0; name = Noto2QuickCaptureControl.appex; path = Noto2QuickCaptureControl.appex; sourceTree = BUILT_PRODUCTS_DIR; };
		5DAABABF2F801A9600CC5A52 /* Noto.xctestplan */ = {isa = PBXFileReference; lastKnownFileType = file; path = Noto.xctestplan; sourceTree = "<group>"; };
		5DB7BFB62F97BDEB0018E268 /* NotoIcon.icon */ = {isa = PBXFileReference; lastKnownFileType = folder.iconcomposer.icon; path = NotoIcon.icon; sourceTree = "<group>"; };
		5DE568F42F80191200EC8657 /* NotoMacOSUITests.xctest */ = {isa = PBXFileReference; explicitFileType = wrapper.cfbundle; includeInIndex = 0; path = NotoMacOSUITests.xctest; sourceTree = BUILT_PRODUCTS_DIR; };
		5DE569032F80191F00EC8657 /* NotoiOSUITests.xctest */ = {isa = PBXFileReference; explicitFileType = wrapper.cfbundle; includeInIndex = 0; path = NotoiOSUITests.xctest; sourceTree = BUILT_PRODUCTS_DIR; };
		5DF5FAFE2F0EC372008EDC76 /* Noto.app */ = {isa = PBXFileReference; explicitFileType = wrapper.application; includeInIndex = 0; path = Noto.app; sourceTree = BUILT_PRODUCTS_DIR; };
		5DF5FB0E2F0EC373008EDC76 /* NotoTests.xctest */ = {isa = PBXFileReference; explicitFileType = wrapper.cfbundle; includeInIndex = 0; path = NotoTests.xctest; sourceTree = BUILT_PRODUCTS_DIR; };
		8CA0549E2D705A888D3673E4 /* Foundation.framework */ = {isa = PBXFileReference; lastKnownFileType = wrapper.framework; name = Foundation.framework; path = Platforms/iPhoneOS.platform/Developer/SDKs/iPhoneOS26.0.sdk/System/Library/Frameworks/Foundation.framework; sourceTree = DEVELOPER_DIR; };
		9C668640928AB37E2CA8673D /* Noto2QuickCaptureControl.swift */ = {isa = PBXFileReference; includeInIndex = 1; lastKnownFileType = sourcecode.swift; path = Noto2QuickCaptureControl.swift; sourceTree = "<group>"; };
		A20000000000000000000011 /* Noto2.app */ = {isa = PBXFileReference; explicitFileType = wrapper.application; includeInIndex = 0; path = Noto2.app; sourceTree = BUILT_PRODUCTS_DIR; };
		A20000000000000000000041 /* Noto2Tests.xctest */ = {isa = PBXFileReference; explicitFileType = wrapper.cfbundle; includeInIndex = 0; path = Noto2Tests.xctest; sourceTree = BUILT_PRODUCTS_DIR; };
		A20000000000000000000060 /* Noto2Icon.icon */ = {isa = PBXFileReference; lastKnownFileType = folder.iconcomposer.icon; path = Noto2Icon.icon; sourceTree = "<group>"; };
		B5AF7FCAC9852FC23752A68C /* Info.plist */ = {isa = PBXFileReference; includeInIndex = 1; lastKnownFileType = text.plist.xml; path = Info.plist; sourceTree = "<group>"; };
		B70000000000000000000001 /* Noto2ShareExtension.appex */ = {isa = PBXFileReference; explicitFileType = "wrapper.app-extension"; includeInIndex = 0; name = Noto2ShareExtension.appex; path = Noto2ShareExtension.appex; sourceTree = BUILT_PRODUCTS_DIR; };
		B70000000000000000000003 /* ShareViewController.swift */ = {isa = PBXFileReference; includeInIndex = 1; lastKnownFileType = sourcecode.swift; path = ShareViewController.swift; sourceTree = "<group>"; };
		B70000000000000000000005 /* Info.plist */ = {isa = PBXFileReference; includeInIndex = 1; lastKnownFileType = text.plist.xml; path = Info.plist; sourceTree = "<group>"; };
		B70000000000000000000006 /* NotoShareTitle.js */ = {isa = PBXFileReference; includeInIndex = 1; lastKnownFileType = sourcecode.javascript; path = NotoShareTitle.js; sourceTree = "<group>"; };
		B70000000000000000000008 /* Noto2ShareExtension.entitlements */ = {isa = PBXFileReference; includeInIndex = 1; lastKnownFileType = text.plist.entitlements; path = Noto2ShareExtension.entitlements; sourceTree = "<group>"; };
/* End PBXFileReference section */

/* Begin PBXFileSystemSynchronizedBuildFileExceptionSet section */
		58A1D0018A1D001000000010 /* Exceptions for "Noto" folder in "Noto" target */ = {
			isa = PBXFileSystemSynchronizedBuildFileExceptionSet;
			membershipExceptions = (
				Info.plist,
			);
			target = 5DF5FAFD2F0EC372008EDC76 /* Noto */;
		};
		A2BE2E8DCB8203A8692101A3 /* Exceptions for "Noto2" folder in "Noto2" target */ = {
			isa = PBXFileSystemSynchronizedBuildFileExceptionSet;
			membershipExceptions = (
				Info.plist,
			);
			target = A20000000000000000000010 /* Noto2 */;
		};
/* End PBXFileSystemSynchronizedBuildFileExceptionSet section */

/* Begin PBXFileSystemSynchronizedRootGroup section */
		5DE568F52F80191200EC8657 /* NotoMacOSUITests */ = {
			isa = PBXFileSystemSynchronizedRootGroup;
			exceptions = (
			);
			path = NotoMacOSUITests;
			sourceTree = "<group>";
		};
		5DE569042F80191F00EC8657 /* NotoiOSUITests */ = {
			isa = PBXFileSystemSynchronizedRootGroup;
			exceptions = (
			);
			path = NotoiOSUITests;
			sourceTree = "<group>";
		};
		5DF5FB002F0EC372008EDC76 /* Noto */ = {
			isa = PBXFileSystemSynchronizedRootGroup;
			exceptions = (
				58A1D0018A1D001000000010 /* Exceptions for "Noto" folder in "Noto" target */,
			);
			path = Noto;
			sourceTree = "<group>";
		};
		5DF5FB112F0EC373008EDC76 /* NotoTests */ = {
			isa = PBXFileSystemSynchronizedRootGroup;
			exceptions = (
			);
			path = NotoTests;
			sourceTree = "<group>";
		};
		A20000000000000000000001 /* NotoShared */ = {
			isa = PBXFileSystemSynchronizedRootGroup;
			exceptions = (
			);
			path = NotoShared;
			sourceTree = "<group>";
		};
		A20000000000000000000002 /* Noto2 */ = {
			isa = PBXFileSystemSynchronizedRootGroup;
			exceptions = (
				A2BE2E8DCB8203A8692101A3 /* Exceptions for "Noto2" folder in "Noto2" target */,
			);
			path = Noto2;
			sourceTree = "<group>";
		};
		A20000000000000000000003 /* Noto2Tests */ = {
			isa = PBXFileSystemSynchronizedRootGroup;
			exceptions = (
			);
			path = Noto2Tests;
			sourceTree = "<group>";
		};
/* End PBXFileSystemSynchronizedRootGroup section */

/* Begin PBXFrameworksBuildPhase section */
		5DE568F12F80191200EC8657 /* Frameworks */ = {
			isa = PBXFrameworksBuildPhase;
			buildActionMask = 2147483647;
			files = (
			);
			runOnlyForDeploymentPostprocessing = 0;
		};
		5DE569002F80191F00EC8657 /* Frameworks */ = {
			isa = PBXFrameworksBuildPhase;
			buildActionMask = 2147483647;
			files = (
			);
			runOnlyForDeploymentPostprocessing = 0;
		};
		5DF5FAFB2F0EC372008EDC76 /* Frameworks */ = {
			isa = PBXFrameworksBuildPhase;
			buildActionMask = 2147483647;
			files = (
				5DFAED8F2F5F135300F3DACD /* NotoVault in Frameworks */,
				5DF600000000000000000001 /* NotoTags in Frameworks */,
				58A1D0018A1D001000000001 /* NotoReadwiseSyncCore in Frameworks */,
				58A1D0018A1D001000000007 /* NotoSearch in Frameworks */,
				58A1D0018A1D00100000000C /* NotoChat in Frameworks */,
				58A1D0018A1D00100000000F /* NotoEmbedding in Frameworks */,
				B70000000000000000000027 /* NotoShareCapture in Frameworks */,
				B70000000000000000000030 /* NotoLinkPreview in Frameworks */,
			);
			runOnlyForDeploymentPostprocessing = 0;
		};
		5DF5FB0B2F0EC373008EDC76 /* Frameworks */ = {
			isa = PBXFrameworksBuildPhase;
			buildActionMask = 2147483647;
			files = (
				5DFAED902F5F135300F3DACD /* NotoVault in Frameworks */,
				58A1D0018A1D001000000002 /* NotoReadwiseSyncCore in Frameworks */,
			);
			runOnlyForDeploymentPostprocessing = 0;
		};
		A20000000000000000000013 /* Frameworks */ = {
			isa = PBXFrameworksBuildPhase;
			buildActionMask = 2147483647;
			files = (
				A20000000000000000000030 /* NotoVault in Frameworks */,
				A20000000000000000000031 /* NotoTags in Frameworks */,
				A20000000000000000000032 /* NotoSearch in Frameworks */,
				A20000000000000000000033 /* NotoChat in Frameworks */,
				A20000000000000000000034 /* NotoEmbedding in Frameworks */,
				A20000000000000000000035 /* NotoDigest in Frameworks */,
				B70000000000000000000023 /* NotoShareCapture in Frameworks */,
				B70000000000000000000032 /* NotoLinkPreview in Frameworks */,
			);
			runOnlyForDeploymentPostprocessing = 0;
		};
		A20000000000000000000043 /* Frameworks */ = {
			isa = PBXFrameworksBuildPhase;
			buildActionMask = 2147483647;
			files = (
				A20000000000000000000051 /* NotoVault in Frameworks */,
				A20000000000000000000053 /* NotoSearch in Frameworks */,
				A20000000000000000000055 /* NotoDigest in Frameworks */,
				B70000000000000000000025 /* NotoShareCapture in Frameworks */,
				B70000000000000000000034 /* NotoLinkPreview in Frameworks */,
			);
			runOnlyForDeploymentPostprocessing = 0;
		};
		B70000000000000000000012 /* Frameworks */ = {
			isa = PBXFrameworksBuildPhase;
			buildActionMask = 2147483647;
			files = (
				B70000000000000000000021 /* NotoShareCapture in Frameworks */,
			);
			runOnlyForDeploymentPostprocessing = 0;
		};
		EF0AFB1F8965E901168F3E82 /* Frameworks */ = {
			isa = PBXFrameworksBuildPhase;
			buildActionMask = 2147483647;
			files = (
				A2EBC6BDFFF520AC5DEEA865 /* Foundation.framework in Frameworks */,
			);
			runOnlyForDeploymentPostprocessing = 0;
		};
/* End PBXFrameworksBuildPhase section */

/* Begin PBXGroup section */
		1EFEFF571B44D62715EDA022 /* Noto2QuickCaptureControl */ = {
			isa = PBXGroup;
			children = (
				9C668640928AB37E2CA8673D /* Noto2QuickCaptureControl.swift */,
				B5AF7FCAC9852FC23752A68C /* Info.plist */,
			);
			name = Noto2QuickCaptureControl;
			path = Noto2QuickCaptureControl;
			sourceTree = "<group>";
		};
		5DF5FAF52F0EC372008EDC76 = {
			isa = PBXGroup;
			children = (
				58A1D0018A1D001000000005 /* ReadwiseSecrets.xcconfig */,
				5DB7BFB62F97BDEB0018E268 /* NotoIcon.icon */,
				5DAABABF2F801A9600CC5A52 /* Noto.xctestplan */,
				5DF5FB002F0EC372008EDC76 /* Noto */,
				5DF5FB112F0EC373008EDC76 /* NotoTests */,
				A20000000000000000000001 /* NotoShared */,
				A20000000000000000000002 /* Noto2 */,
				A20000000000000000000003 /* Noto2Tests */,
				A20000000000000000000060 /* Noto2Icon.icon */,
				5DE568F52F80191200EC8657 /* NotoMacOSUITests */,
				5DE569042F80191F00EC8657 /* NotoiOSUITests */,
				5DF5FAFF2F0EC372008EDC76 /* Products */,
				CFD6BB4D748C0DEBB9F47CEE /* Noto2ControlShared */,
				1EFEFF571B44D62715EDA022 /* Noto2QuickCaptureControl */,
				B70000000000000000000009 /* Noto2ShareExtension */,
				6FDE297D4F15815607A57C36 /* Frameworks */,
			);
			sourceTree = "<group>";
		};
		5DF5FAFF2F0EC372008EDC76 /* Products */ = {
			isa = PBXGroup;
			children = (
				5DF5FAFE2F0EC372008EDC76 /* Noto.app */,
				5DF5FB0E2F0EC373008EDC76 /* NotoTests.xctest */,
				A20000000000000000000011 /* Noto2.app */,
				A20000000000000000000041 /* Noto2Tests.xctest */,
				5DE568F42F80191200EC8657 /* NotoMacOSUITests.xctest */,
				5DE569032F80191F00EC8657 /* NotoiOSUITests.xctest */,
				58FDAF8F6C5503B565EF0598 /* Noto2QuickCaptureControl.appex */,
				B70000000000000000000001 /* Noto2ShareExtension.appex */,
			);
			name = Products;
			sourceTree = "<group>";
		};
		6FDE297D4F15815607A57C36 /* Frameworks */ = {
			isa = PBXGroup;
			children = (
				A0BE70BE891D402149883EF3 /* iOS */,
			);
			name = Frameworks;
			sourceTree = "<group>";
		};
		A0BE70BE891D402149883EF3 /* iOS */ = {
			isa = PBXGroup;
			children = (
				8CA0549E2D705A888D3673E4 /* Foundation.framework */,
			);
			name = iOS;
			sourceTree = "<group>";
		};
		B70000000000000000000009 /* Noto2ShareExtension */ = {
			isa = PBXGroup;
			children = (
				B70000000000000000000003 /* ShareViewController.swift */,
				B70000000000000000000006 /* NotoShareTitle.js */,
				B70000000000000000000005 /* Info.plist */,
				B70000000000000000000008 /* Noto2ShareExtension.entitlements */,
			);
			name = Noto2ShareExtension;
			path = Noto2ShareExtension;
			sourceTree = "<group>";
		};
		CFD6BB4D748C0DEBB9F47CEE /* Noto2ControlShared */ = {
			isa = PBXGroup;
			children = (
				258D1BBCE132EE72D17CAB8E /* Noto2QuickCaptureIntent.swift */,
			);
			name = Noto2ControlShared;
			path = Noto2ControlShared;
			sourceTree = "<group>";
		};
/* End PBXGroup section */

/* Begin PBXNativeTarget section */
		5DE568F32F80191200EC8657 /* NotoMacOSUITests */ = {
			isa = PBXNativeTarget;
			buildConfigurationList = 5DE568FC2F80191200EC8657 /* Build configuration list for PBXNativeTarget "NotoMacOSUITests" */;
			buildPhases = (
				5DE568F02F80191200EC8657 /* Sources */,
				5DE568F12F80191200EC8657 /* Frameworks */,
				5DE568F22F80191200EC8657 /* Resources */,
			);
			buildRules = (
			);
			dependencies = (
				5DE568FB2F80191200EC8657 /* PBXTargetDependency */,
			);
			fileSystemSynchronizedGroups = (
				5DE568F52F80191200EC8657 /* NotoMacOSUITests */,
			);
			name = NotoMacOSUITests;
			productName = NotoMacOSUITests;
			productReference = 5DE568F42F80191200EC8657 /* NotoMacOSUITests.xctest */;
			productType = "com.apple.product-type.bundle.ui-testing";
		};
		5DE569022F80191F00EC8657 /* NotoiOSUITests */ = {
			isa = PBXNativeTarget;
			buildConfigurationList = 5DE5690B2F80191F00EC8657 /* Build configuration list for PBXNativeTarget "NotoiOSUITests" */;
			buildPhases = (
				5DE568FF2F80191F00EC8657 /* Sources */,
				5DE569002F80191F00EC8657 /* Frameworks */,
				5DE569012F80191F00EC8657 /* Resources */,
			);
			buildRules = (
			);
			dependencies = (
				5DE5690A2F80191F00EC8657 /* PBXTargetDependency */,
			);
			fileSystemSynchronizedGroups = (
				5DE569042F80191F00EC8657 /* NotoiOSUITests */,
			);
			name = NotoiOSUITests;
			productName = NotoiOSUITests;
			productReference = 5DE569032F80191F00EC8657 /* NotoiOSUITests.xctest */;
			productType = "com.apple.product-type.bundle.ui-testing";
		};
		5DF5FAFD2F0EC372008EDC76 /* Noto */ = {
			isa = PBXNativeTarget;
			buildConfigurationList = 5DF5FB222F0EC373008EDC76 /* Build configuration list for PBXNativeTarget "Noto" */;
			buildPhases = (
				5DF5FAFA2F0EC372008EDC76 /* Sources */,
				5DF5FAFB2F0EC372008EDC76 /* Frameworks */,
				5DF5FAFC2F0EC372008EDC76 /* Resources */,
				58A1D0018A1D001000000006 /* Generate Secrets */,
			);
			buildRules = (
			);
			dependencies = (
			);
			fileSystemSynchronizedGroups = (
				5DF5FB002F0EC372008EDC76 /* Noto */,
				A20000000000000000000001 /* NotoShared */,
			);
			name = Noto;
			packageProductDependencies = (
				CCDD000B000000000000000B /* NotoVault */,
				5DF600000000000000000002 /* NotoTags */,
				58A1D0018A1D001000000003 /* NotoReadwiseSyncCore */,
				58A1D0018A1D001000000008 /* NotoSearch */,
				58A1D0018A1D00100000000B /* NotoChat */,
				58A1D0018A1D00100000000E /* NotoEmbedding */,
				B70000000000000000000026 /* NotoShareCapture */,
				B70000000000000000000031 /* NotoLinkPreview */,
			);
			productName = Noto;
			productReference = 5DF5FAFE2F0EC372008EDC76 /* Noto.app */;
			productType = "com.apple.product-type.application";
		};
		5DF5FB0D2F0EC373008EDC76 /* NotoTests */ = {
			isa = PBXNativeTarget;
			buildConfigurationList = 5DF5FB252F0EC373008EDC76 /* Build configuration list for PBXNativeTarget "NotoTests" */;
			buildPhases = (
				5DF5FB0A2F0EC373008EDC76 /* Sources */,
				5DF5FB0B2F0EC373008EDC76 /* Frameworks */,
				5DF5FB0C2F0EC373008EDC76 /* Resources */,
			);
			buildRules = (
			);
			dependencies = (
				5DF5FB102F0EC373008EDC76 /* PBXTargetDependency */,
			);
			fileSystemSynchronizedGroups = (
				5DF5FB112F0EC373008EDC76 /* NotoTests */,
			);
			name = NotoTests;
			packageProductDependencies = (
				EEFF000B000000000000000B /* NotoVault */,
				58A1D0018A1D001000000004 /* NotoReadwiseSyncCore */,
			);
			productName = NotoTests;
			productReference = 5DF5FB0E2F0EC373008EDC76 /* NotoTests.xctest */;
			productType = "com.apple.product-type.bundle.unit-test";
		};
		A20000000000000000000010 /* Noto2 */ = {
			isa = PBXNativeTarget;
			buildConfigurationList = A20000000000000000000016 /* Build configuration list for PBXNativeTarget "Noto2" */;
			buildPhases = (
				A20000000000000000000012 /* Sources */,
				A20000000000000000000013 /* Frameworks */,
				A20000000000000000000014 /* Resources */,
				A20000000000000000000015 /* Generate Secrets */,
				176A451EBDFC68CE7BE160BC /* Embed App Extensions */,
			);
			buildRules = (
			);
			dependencies = (
				A641B88D4A0EC8D3CC76A49A /* PBXTargetDependency */,
				B70000000000000000000018 /* PBXTargetDependency */,
			);
			fileSystemSynchronizedGroups = (
				A20000000000000000000001 /* NotoShared */,
				A20000000000000000000002 /* Noto2 */,
			);
			name = Noto2;
			packageProductDependencies = (
				A20000000000000000000020 /* NotoVault */,
				A20000000000000000000021 /* NotoTags */,
				A20000000000000000000022 /* NotoSearch */,
				A20000000000000000000023 /* NotoChat */,
				A20000000000000000000024 /* NotoEmbedding */,
				A20000000000000000000025 /* NotoDigest */,
				B70000000000000000000022 /* NotoShareCapture */,
				B70000000000000000000033 /* NotoLinkPreview */,
			);
			productName = Noto2;
			productReference = A20000000000000000000011 /* Noto2.app */;
			productType = "com.apple.product-type.application";
		};
		A20000000000000000000040 /* Noto2Tests */ = {
			isa = PBXNativeTarget;
			buildConfigurationList = A20000000000000000000045 /* Build configuration list for PBXNativeTarget "Noto2Tests" */;
			buildPhases = (
				A20000000000000000000042 /* Sources */,
				A20000000000000000000043 /* Frameworks */,
				A20000000000000000000044 /* Resources */,
			);
			buildRules = (
			);
			dependencies = (
				A20000000000000000000049 /* PBXTargetDependency */,
			);
			fileSystemSynchronizedGroups = (
				A20000000000000000000003 /* Noto2Tests */,
			);
			name = Noto2Tests;
			packageProductDependencies = (
				A20000000000000000000050 /* NotoVault */,
				A20000000000000000000052 /* NotoSearch */,
				A20000000000000000000054 /* NotoDigest */,
				B70000000000000000000024 /* NotoShareCapture */,
				B70000000000000000000035 /* NotoLinkPreview */,
			);
			productName = Noto2Tests;
			productReference = A20000000000000000000041 /* Noto2Tests.xctest */;
			productType = "com.apple.product-type.bundle.unit-test";
		};
		B70000000000000000000010 /* Noto2ShareExtension */ = {
			isa = PBXNativeTarget;
			buildConfigurationList = B70000000000000000000014 /* Build configuration list for PBXNativeTarget "Noto2ShareExtension" */;
			buildPhases = (
				B70000000000000000000011 /* Sources */,
				B70000000000000000000012 /* Frameworks */,
				B70000000000000000000013 /* Resources */,
			);
			buildRules = (
			);
			dependencies = (
			);
			name = Noto2ShareExtension;
			packageProductDependencies = (
				B70000000000000000000020 /* NotoShareCapture */,
			);
			productName = Noto2ShareExtension;
			productReference = B70000000000000000000001 /* Noto2ShareExtension.appex */;
			productType = "com.apple.product-type.app-extension";
		};
		C1B9129E154C7B9E50745334 /* Noto2QuickCaptureControl */ = {
			isa = PBXNativeTarget;
			buildConfigurationList = 843B3F746821390712E4C374 /* Build configuration list for PBXNativeTarget "Noto2QuickCaptureControl" */;
			buildPhases = (
				F634224E22F4FCD422FA68D4 /* Sources */,
				EF0AFB1F8965E901168F3E82 /* Frameworks */,
				0EE7FFB302D3EF233FEC92E1 /* Resources */,
			);
			buildRules = (
			);
			dependencies = (
			);
			name = Noto2QuickCaptureControl;
			productName = Noto2QuickCaptureControl;
			productReference = 58FDAF8F6C5503B565EF0598 /* Noto2QuickCaptureControl.appex */;
			productType = "com.apple.product-type.app-extension";
		};
/* End PBXNativeTarget section */

/* Begin PBXProject section */
		5DF5FAF62F0EC372008EDC76 /* Project object */ = {
			isa = PBXProject;
			attributes = {
				BuildIndependentTargetsInParallel = 1;
				LastSwiftUpdateCheck = 2630;
				LastUpgradeCheck = 1640;
				TargetAttributes = {
					5DE568F32F80191200EC8657 = {
						CreatedOnToolsVersion = 26.3;
						TestTargetID = 5DF5FAFD2F0EC372008EDC76;
					};
					5DE569022F80191F00EC8657 = {
						CreatedOnToolsVersion = 26.3;
						TestTargetID = 5DF5FAFD2F0EC372008EDC76;
					};
					5DF5FAFD2F0EC372008EDC76 = {
						CreatedOnToolsVersion = 16.4;
					};
					5DF5FB0D2F0EC373008EDC76 = {
						CreatedOnToolsVersion = 16.4;
						TestTargetID = 5DF5FAFD2F0EC372008EDC76;
					};
					A20000000000000000000010 = {
						CreatedOnToolsVersion = 26.6;
					};
					A20000000000000000000040 = {
						CreatedOnToolsVersion = 26.6;
						TestTargetID = A20000000000000000000010;
					};
				};
			};
			buildConfigurationList = 5DF5FAF92F0EC372008EDC76 /* Build configuration list for PBXProject "Noto" */;
			developmentRegion = en;
			hasScannedForEncodings = 0;
			knownRegions = (
				en,
				Base,
			);
			mainGroup = 5DF5FAF52F0EC372008EDC76;
			minimizedProjectReferenceProxies = 1;
			packageReferences = (
				AABB000B000000000000000B /* XCLocalSwiftPackageReference "NotoVault" */,
				5DF600000000000000000003 /* XCLocalSwiftPackageReference "NotoTags" */,
				5831AD9D88F8B9B95655CC96 /* XCLocalSwiftPackageReference "NotoReadwiseSync" */,
				DD2E424822EC2E30DB9B7950 /* XCLocalSwiftPackageReference "NotoSearch" */,
				58A1D0018A1D00100000000A /* XCLocalSwiftPackageReference "NotoChat" */,
				58A1D0018A1D00100000000D /* XCLocalSwiftPackageReference "NotoEmbedding" */,
				A20000000000000000000070 /* XCLocalSwiftPackageReference "NotoDigest" */,
				B70000000000000000000019 /* XCLocalSwiftPackageReference "NotoShareCapture" */,
				B70000000000000000000036 /* XCLocalSwiftPackageReference "NotoLinkPreview" */,
			);
			preferredProjectObjectVersion = 77;
			productRefGroup = 5DF5FAFF2F0EC372008EDC76 /* Products */;
			projectDirPath = "";
			projectRoot = "";
			targets = (
				5DF5FAFD2F0EC372008EDC76 /* Noto */,
				5DF5FB0D2F0EC373008EDC76 /* NotoTests */,
				5DE568F32F80191200EC8657 /* NotoMacOSUITests */,
				5DE569022F80191F00EC8657 /* NotoiOSUITests */,
				A20000000000000000000010 /* Noto2 */,
				A20000000000000000000040 /* Noto2Tests */,
				C1B9129E154C7B9E50745334 /* Noto2QuickCaptureControl */,
				B70000000000000000000010 /* Noto2ShareExtension */,
			);
		};
/* End PBXProject section */

/* Begin PBXResourcesBuildPhase section */
		0EE7FFB302D3EF233FEC92E1 /* Resources */ = {
			isa = PBXResourcesBuildPhase;
			buildActionMask = 2147483647;
			files = (
			);
			runOnlyForDeploymentPostprocessing = 0;
		};
		5DE568F22F80191200EC8657 /* Resources */ = {
			isa = PBXResourcesBuildPhase;
			buildActionMask = 2147483647;
			files = (
			);
			runOnlyForDeploymentPostprocessing = 0;
		};
		5DE569012F80191F00EC8657 /* Resources */ = {
			isa = PBXResourcesBuildPhase;
			buildActionMask = 2147483647;
			files = (
			);
			runOnlyForDeploymentPostprocessing = 0;
		};
		5DF5FAFC2F0EC372008EDC76 /* Resources */ = {
			isa = PBXResourcesBuildPhase;
			buildActionMask = 2147483647;
			files = (
				5DB7BFB72F97BDEB0018E268 /* NotoIcon.icon in Resources */,
			);
			runOnlyForDeploymentPostprocessing = 0;
		};
		5DF5FB0C2F0EC373008EDC76 /* Resources */ = {
			isa = PBXResourcesBuildPhase;
			buildActionMask = 2147483647;
			files = (
			);
			runOnlyForDeploymentPostprocessing = 0;
		};
		A20000000000000000000014 /* Resources */ = {
			isa = PBXResourcesBuildPhase;
			buildActionMask = 2147483647;
			files = (
				A20000000000000000000061 /* Noto2Icon.icon in Resources */,
			);
			runOnlyForDeploymentPostprocessing = 0;
		};
		A20000000000000000000044 /* Resources */ = {
			isa = PBXResourcesBuildPhase;
			buildActionMask = 2147483647;
			files = (
			);
			runOnlyForDeploymentPostprocessing = 0;
		};
		B70000000000000000000013 /* Resources */ = {
			isa = PBXResourcesBuildPhase;
			buildActionMask = 2147483647;
			files = (
				B70000000000000000000007 /* NotoShareTitle.js in Resources */,
			);
			runOnlyForDeploymentPostprocessing = 0;
		};
/* End PBXResourcesBuildPhase section */

/* Begin PBXShellScriptBuildPhase section */
		58A1D0018A1D001000000006 /* Generate Secrets */ = {
			isa = PBXShellScriptBuildPhase;
			alwaysOutOfDate = 1;
			buildActionMask = 2147483647;
			files = (
			);
			inputFileListPaths = (
			);
			inputPaths = (
			);
			name = "Generate Secrets";
			outputFileListPaths = (
			);
			outputPaths = (
				"$(TARGET_BUILD_DIR)/$(UNLOCALIZED_RESOURCES_FOLDER_PATH)/ReadwiseDefaultToken.txt",
				"$(TARGET_BUILD_DIR)/$(UNLOCALIZED_RESOURCES_FOLDER_PATH)/OpenRouterDefaultKey.txt",
			);
			runOnlyForDeploymentPostprocessing = 0;
			shellPath = /bin/sh;
			shellScript = "set -e\nwrite_secret() {\n  OUT=\"$TARGET_BUILD_DIR/$UNLOCALIZED_RESOURCES_FOLDER_PATH/$1\"\n  rm -f \"$OUT\"\n  if [ -n \"$2\" ]; then\n    mkdir -p \"$(dirname \"$OUT\")\"\n    /usr/bin/printf \"%s\" \"$2\" > \"$OUT\"\n  fi\n}\nwrite_secret ReadwiseDefaultToken.txt \"${NOTO_READWISE_TOKEN:-}\"\nwrite_secret OpenRouterDefaultKey.txt \"${NOTO_OPENROUTER_KEY:-}\"\n";
		};
		A20000000000000000000015 /* Generate Secrets */ = {
			isa = PBXShellScriptBuildPhase;
			alwaysOutOfDate = 1;
			buildActionMask = 2147483647;
			files = (
			);
			inputFileListPaths = (
			);
			inputPaths = (
			);
			name = "Generate Secrets";
			outputFileListPaths = (
			);
			outputPaths = (
				"$(TARGET_BUILD_DIR)/$(UNLOCALIZED_RESOURCES_FOLDER_PATH)/ReadwiseDefaultToken.txt",
				"$(TARGET_BUILD_DIR)/$(UNLOCALIZED_RESOURCES_FOLDER_PATH)/OpenRouterDefaultKey.txt",
			);
			runOnlyForDeploymentPostprocessing = 0;
			shellPath = /bin/sh;
			shellScript = "set -e\nwrite_secret() {\n  OUT=\"$TARGET_BUILD_DIR/$UNLOCALIZED_RESOURCES_FOLDER_PATH/$1\"\n  rm -f \"$OUT\"\n  if [ -n \"$2\" ]; then\n    mkdir -p \"$(dirname \"$OUT\")\"\n    /usr/bin/printf \"%s\" \"$2\" > \"$OUT\"\n  fi\n}\nwrite_secret ReadwiseDefaultToken.txt \"${NOTO_READWISE_TOKEN:-}\"\nwrite_secret OpenRouterDefaultKey.txt \"${NOTO_OPENROUTER_KEY:-}\"\n";
		};
/* End PBXShellScriptBuildPhase section */

/* Begin PBXSourcesBuildPhase section */
		5DE568F02F80191200EC8657 /* Sources */ = {
			isa = PBXSourcesBuildPhase;
			buildActionMask = 2147483647;
			files = (
			);
			runOnlyForDeploymentPostprocessing = 0;
		};
		5DE568FF2F80191F00EC8657 /* Sources */ = {
			isa = PBXSourcesBuildPhase;
			buildActionMask = 2147483647;
			files = (
			);
			runOnlyForDeploymentPostprocessing = 0;
		};
		5DF5FAFA2F0EC372008EDC76 /* Sources */ = {
			isa = PBXSourcesBuildPhase;
			buildActionMask = 2147483647;
			files = (
			);
			runOnlyForDeploymentPostprocessing = 0;
		};
		5DF5FB0A2F0EC373008EDC76 /* Sources */ = {
			isa = PBXSourcesBuildPhase;
			buildActionMask = 2147483647;
			files = (
			);
			runOnlyForDeploymentPostprocessing = 0;
		};
		A20000000000000000000012 /* Sources */ = {
			isa = PBXSourcesBuildPhase;
			buildActionMask = 2147483647;
			files = (
				260C4638209FCE498F36DC11 /* Noto2QuickCaptureIntent.swift in Sources */,
			);
			runOnlyForDeploymentPostprocessing = 0;
		};
		A20000000000000000000042 /* Sources */ = {
			isa = PBXSourcesBuildPhase;
			buildActionMask = 2147483647;
			files = (
			);
			runOnlyForDeploymentPostprocessing = 0;
		};
		B70000000000000000000011 /* Sources */ = {
			isa = PBXSourcesBuildPhase;
			buildActionMask = 2147483647;
			files = (
				B70000000000000000000004 /* ShareViewController.swift in Sources */,
				B70000000000000000000028 /* Noto2QuickCaptureIntent.swift in Sources */,
			);
			runOnlyForDeploymentPostprocessing = 0;
		};
		F634224E22F4FCD422FA68D4 /* Sources */ = {
			isa = PBXSourcesBuildPhase;
			buildActionMask = 2147483647;
			files = (
				E35366682A4BD0316C8999B4 /* Noto2QuickCaptureControl.swift in Sources */,
				89D532451D69C02D77D417C3 /* Noto2QuickCaptureIntent.swift in Sources */,
			);
			runOnlyForDeploymentPostprocessing = 0;
		};
/* End PBXSourcesBuildPhase section */

/* Begin PBXTargetDependency section */
		5DE568FB2F80191200EC8657 /* PBXTargetDependency */ = {
			isa = PBXTargetDependency;
			target = 5DF5FAFD2F0EC372008EDC76 /* Noto */;
			targetProxy = 5DE568FA2F80191200EC8657 /* PBXContainerItemProxy */;
		};
		5DE5690A2F80191F00EC8657 /* PBXTargetDependency */ = {
			isa = PBXTargetDependency;
			target = 5DF5FAFD2F0EC372008EDC76 /* Noto */;
			targetProxy = 5DE569092F80191F00EC8657 /* PBXContainerItemProxy */;
		};
		5DF5FB102F0EC373008EDC76 /* PBXTargetDependency */ = {
			isa = PBXTargetDependency;
			target = 5DF5FAFD2F0EC372008EDC76 /* Noto */;
			targetProxy = 5DF5FB0F2F0EC373008EDC76 /* PBXContainerItemProxy */;
		};
		A20000000000000000000049 /* PBXTargetDependency */ = {
			isa = PBXTargetDependency;
			target = A20000000000000000000010 /* Noto2 */;
			targetProxy = A20000000000000000000048 /* PBXContainerItemProxy */;
		};
		A641B88D4A0EC8D3CC76A49A /* PBXTargetDependency */ = {
			isa = PBXTargetDependency;
			name = Noto2QuickCaptureControl;
			target = C1B9129E154C7B9E50745334 /* Noto2QuickCaptureControl */;
			targetProxy = 40FD7D19E9BCC6B12BA6FBDE /* PBXContainerItemProxy */;
		};
		B70000000000000000000018 /* PBXTargetDependency */ = {
			isa = PBXTargetDependency;
			name = Noto2ShareExtension;
			target = B70000000000000000000010 /* Noto2ShareExtension */;
			targetProxy = B70000000000000000000017 /* PBXContainerItemProxy */;
		};
/* End PBXTargetDependency section */

/* Begin XCBuildConfiguration section */
		0557F309D735C952E8C8B190 /* Debug */ = {
			isa = XCBuildConfiguration;
			buildSettings = {
				APPLICATION_EXTENSION_API_ONLY = YES;
				CLANG_ENABLE_OBJC_WEAK = NO;
				CODE_SIGN_IDENTITY = "Apple Distribution";
				CODE_SIGN_STYLE = Manual;
				CURRENT_PROJECT_VERSION = 1;
				DEVELOPMENT_TEAM = 39GJBP8V5A;
				GENERATE_INFOPLIST_FILE = YES;
				INFOPLIST_FILE = Noto2QuickCaptureControl/Info.plist;
				INFOPLIST_KEY_CFBundleDisplayName = "Noto Quick Capture";
				INFOPLIST_KEY_ITSAppUsesNonExemptEncryption = NO;
				IPHONEOS_DEPLOYMENT_TARGET = 26.0;
				LD_RUNPATH_SEARCH_PATHS = (
					"$(inherited)",
					"@executable_path/Frameworks",
					"@executable_path/../../Frameworks",
				);
				MARKETING_VERSION = 0.1.1;
				PRODUCT_BUNDLE_IDENTIFIER = com.eugenechan.Noto2.QuickCaptureControl;
				PRODUCT_NAME = "$(TARGET_NAME)";
				PROVISIONING_PROFILE_SPECIFIER = "match AppStore com.eugenechan.Noto2.QuickCaptureControl";
				SDKROOT = iphoneos;
				SKIP_INSTALL = YES;
				SUPPORTED_PLATFORMS = "iphoneos iphonesimulator";
				SWIFT_EMIT_LOC_STRINGS = YES;
				SWIFT_VERSION = 5.0;
				TARGETED_DEVICE_FAMILY = "1,2";
			};
			name = Debug;
		};
		1B4390EE89B576DCA1F98522 /* Release */ = {
			isa = XCBuildConfiguration;
			buildSettings = {
				APPLICATION_EXTENSION_API_ONLY = YES;
				CLANG_ENABLE_OBJC_WEAK = NO;
				CODE_SIGN_IDENTITY = "Apple Distribution";
				CODE_SIGN_STYLE = Manual;
				CURRENT_PROJECT_VERSION = 1;
				DEVELOPMENT_TEAM = 39GJBP8V5A;
				GENERATE_INFOPLIST_FILE = YES;
				INFOPLIST_FILE = Noto2QuickCaptureControl/Info.plist;
				INFOPLIST_KEY_CFBundleDisplayName = "Noto Quick Capture";
				INFOPLIST_KEY_ITSAppUsesNonExemptEncryption = NO;
				IPHONEOS_DEPLOYMENT_TARGET = 26.0;
				LD_RUNPATH_SEARCH_PATHS = (
					"$(inherited)",
					"@executable_path/Frameworks",
					"@executable_path/../../Frameworks",
				);
				MARKETING_VERSION = 0.1.1;
				PRODUCT_BUNDLE_IDENTIFIER = com.eugenechan.Noto2.QuickCaptureControl;
				PRODUCT_NAME = "$(TARGET_NAME)";
				PROVISIONING_PROFILE_SPECIFIER = "match AppStore com.eugenechan.Noto2.QuickCaptureControl";
				SDKROOT = iphoneos;
				SKIP_INSTALL = YES;
				SUPPORTED_PLATFORMS = "iphoneos iphonesimulator";
				SWIFT_EMIT_LOC_STRINGS = YES;
				SWIFT_VERSION = 5.0;
				TARGETED_DEVICE_FAMILY = "1,2";
				VALIDATE_PRODUCT = YES;
			};
			name = Release;
		};
		5DE568FD2F80191200EC8657 /* Debug */ = {
			isa = XCBuildConfiguration;
			buildSettings = {
				CODE_SIGN_STYLE = Automatic;
				CURRENT_PROJECT_VERSION = 202606110016;
				DEVELOPMENT_TEAM = 39GJBP8V5A;
				GENERATE_INFOPLIST_FILE = YES;
				MACOSX_DEPLOYMENT_TARGET = 15.7;
				MARKETING_VERSION = 1.0;
				PRODUCT_BUNDLE_IDENTIFIER = com.eugenechan.NotoMacOSUITests;
				PRODUCT_NAME = "$(TARGET_NAME)";
				SDKROOT = macosx;
				STRING_CATALOG_GENERATE_SYMBOLS = NO;
				SWIFT_APPROACHABLE_CONCURRENCY = YES;
				SWIFT_EMIT_LOC_STRINGS = NO;
				SWIFT_UPCOMING_FEATURE_MEMBER_IMPORT_VISIBILITY = YES;
				SWIFT_VERSION = 5.0;
				TEST_TARGET_NAME = Noto;
			};
			name = Debug;
		};
		5DE568FE2F80191200EC8657 /* Release */ = {
			isa = XCBuildConfiguration;
			buildSettings = {
				CODE_SIGN_STYLE = Automatic;
				CURRENT_PROJECT_VERSION = 202606110016;
				DEVELOPMENT_TEAM = 39GJBP8V5A;
				GENERATE_INFOPLIST_FILE = YES;
				MACOSX_DEPLOYMENT_TARGET = 15.7;
				MARKETING_VERSION = 1.0;
				PRODUCT_BUNDLE_IDENTIFIER = com.eugenechan.NotoMacOSUITests;
				PRODUCT_NAME = "$(TARGET_NAME)";
				SDKROOT = macosx;
				STRING_CATALOG_GENERATE_SYMBOLS = NO;
				SWIFT_APPROACHABLE_CONCURRENCY = YES;
				SWIFT_EMIT_LOC_STRINGS = NO;
				SWIFT_UPCOMING_FEATURE_MEMBER_IMPORT_VISIBILITY = YES;
				SWIFT_VERSION = 5.0;
				TEST_TARGET_NAME = Noto;
			};
			name = Release;
		};
		5DE5690C2F80191F00EC8657 /* Debug */ = {
			isa = XCBuildConfiguration;
			buildSettings = {
				CODE_SIGN_STYLE = Automatic;
				CURRENT_PROJECT_VERSION = 202606110016;
				DEVELOPMENT_TEAM = 39GJBP8V5A;
				GENERATE_INFOPLIST_FILE = YES;
				IPHONEOS_DEPLOYMENT_TARGET = 26.2;
				MARKETING_VERSION = 1.0;
				PRODUCT_BUNDLE_IDENTIFIER = com.eugenechan.NotoiOSUITests;
				PRODUCT_NAME = "$(TARGET_NAME)";
				SDKROOT = iphoneos;
				STRING_CATALOG_GENERATE_SYMBOLS = NO;
				SWIFT_APPROACHABLE_CONCURRENCY = YES;
				SWIFT_EMIT_LOC_STRINGS = NO;
				SWIFT_UPCOMING_FEATURE_MEMBER_IMPORT_VISIBILITY = YES;
				SWIFT_VERSION = 5.0;
				TARGETED_DEVICE_FAMILY = "1,2";
				TEST_TARGET_NAME = Noto;
			};
			name = Debug;
		};
		5DE5690D2F80191F00EC8657 /* Release */ = {
			isa = XCBuildConfiguration;
			buildSettings = {
				CODE_SIGN_STYLE = Automatic;
				CURRENT_PROJECT_VERSION = 202606110016;
				DEVELOPMENT_TEAM = 39GJBP8V5A;
				GENERATE_INFOPLIST_FILE = YES;
				IPHONEOS_DEPLOYMENT_TARGET = 26.2;
				MARKETING_VERSION = 1.0;
				PRODUCT_BUNDLE_IDENTIFIER = com.eugenechan.NotoiOSUITests;
				PRODUCT_NAME = "$(TARGET_NAME)";
				SDKROOT = iphoneos;
				STRING_CATALOG_GENERATE_SYMBOLS = NO;
				SWIFT_APPROACHABLE_CONCURRENCY = YES;
				SWIFT_EMIT_LOC_STRINGS = NO;
				SWIFT_UPCOMING_FEATURE_MEMBER_IMPORT_VISIBILITY = YES;
				SWIFT_VERSION = 5.0;
				TARGETED_DEVICE_FAMILY = "1,2";
				TEST_TARGET_NAME = Noto;
				VALIDATE_PRODUCT = YES;
			};
			name = Release;
		};
		5DF5FB202F0EC373008EDC76 /* Debug */ = {
			isa = XCBuildConfiguration;
			buildSettings = {
				ALWAYS_SEARCH_USER_PATHS = NO;
				ASSETCATALOG_COMPILER_GENERATE_SWIFT_ASSET_SYMBOL_EXTENSIONS = YES;
				CLANG_ANALYZER_NONNULL = YES;
				CLANG_ANALYZER_NUMBER_OBJECT_CONVERSION = YES_AGGRESSIVE;
				CLANG_CXX_LANGUAGE_STANDARD = "gnu++20";
				CLANG_ENABLE_MODULES = YES;
				CLANG_ENABLE_OBJC_ARC = YES;
				CLANG_ENABLE_OBJC_WEAK = YES;
				CLANG_WARN_BLOCK_CAPTURE_AUTORELEASING = YES;
				CLANG_WARN_BOOL_CONVERSION = YES;
				CLANG_WARN_COMMA = YES;
				CLANG_WARN_CONSTANT_CONVERSION = YES;
				CLANG_WARN_DEPRECATED_OBJC_IMPLEMENTATIONS = YES;
				CLANG_WARN_DIRECT_OBJC_ISA_USAGE = YES_ERROR;
				CLANG_WARN_DOCUMENTATION_COMMENTS = YES;
				CLANG_WARN_EMPTY_BODY = YES;
				CLANG_WARN_ENUM_CONVERSION = YES;
				CLANG_WARN_INFINITE_RECURSION = YES;
				CLANG_WARN_INT_CONVERSION = YES;
				CLANG_WARN_NON_LITERAL_NULL_CONVERSION = YES;
				CLANG_WARN_OBJC_IMPLICIT_RETAIN_SELF = YES;
				CLANG_WARN_OBJC_LITERAL_CONVERSION = YES;
				CLANG_WARN_OBJC_ROOT_CLASS = YES_ERROR;
				CLANG_WARN_QUOTED_INCLUDE_IN_FRAMEWORK_HEADER = YES;
				CLANG_WARN_RANGE_LOOP_ANALYSIS = YES;
				CLANG_WARN_STRICT_PROTOTYPES = YES;
				CLANG_WARN_SUSPICIOUS_MOVE = YES;
				CLANG_WARN_UNGUARDED_AVAILABILITY = YES_AGGRESSIVE;
				CLANG_WARN_UNREACHABLE_CODE = YES;
				CLANG_WARN__DUPLICATE_METHOD_MATCH = YES;
				COPY_PHASE_STRIP = NO;
				DEBUG_INFORMATION_FORMAT = dwarf;
				DEVELOPMENT_TEAM = 39GJBP8V5A;
				ENABLE_STRICT_OBJC_MSGSEND = YES;
				ENABLE_TESTABILITY = YES;
				ENABLE_USER_SCRIPT_SANDBOXING = YES;
				GCC_C_LANGUAGE_STANDARD = gnu17;
				GCC_DYNAMIC_NO_PIC = NO;
				GCC_NO_COMMON_BLOCKS = YES;
				GCC_OPTIMIZATION_LEVEL = 0;
				GCC_PREPROCESSOR_DEFINITIONS = (
					"DEBUG=1",
					"$(inherited)",
				);
				GCC_WARN_64_TO_32_BIT_CONVERSION = YES;
				GCC_WARN_ABOUT_RETURN_TYPE = YES_ERROR;
				GCC_WARN_UNDECLARED_SELECTOR = YES;
				GCC_WARN_UNINITIALIZED_AUTOS = YES_AGGRESSIVE;
				GCC_WARN_UNUSED_FUNCTION = YES;
				GCC_WARN_UNUSED_VARIABLE = YES;
				LOCALIZATION_PREFERS_STRING_CATALOGS = YES;
				MTL_ENABLE_DEBUG_INFO = INCLUDE_SOURCE;
				MTL_FAST_MATH = YES;
				ONLY_ACTIVE_ARCH = YES;
				SWIFT_ACTIVE_COMPILATION_CONDITIONS = "DEBUG $(inherited)";
				SWIFT_OPTIMIZATION_LEVEL = "-Onone";
			};
			name = Debug;
		};
		5DF5FB212F0EC373008EDC76 /* Release */ = {
			isa = XCBuildConfiguration;
			buildSettings = {
				ALWAYS_SEARCH_USER_PATHS = NO;
				ASSETCATALOG_COMPILER_GENERATE_SWIFT_ASSET_SYMBOL_EXTENSIONS = YES;
				CLANG_ANALYZER_NONNULL = YES;
				CLANG_ANALYZER_NUMBER_OBJECT_CONVERSION = YES_AGGRESSIVE;
				CLANG_CXX_LANGUAGE_STANDARD = "gnu++20";
				CLANG_ENABLE_MODULES = YES;
				CLANG_ENABLE_OBJC_ARC = YES;
				CLANG_ENABLE_OBJC_WEAK = YES;
				CLANG_WARN_BLOCK_CAPTURE_AUTORELEASING = YES;
				CLANG_WARN_BOOL_CONVERSION = YES;
				CLANG_WARN_COMMA = YES;
				CLANG_WARN_CONSTANT_CONVERSION = YES;
				CLANG_WARN_DEPRECATED_OBJC_IMPLEMENTATIONS = YES;
				CLANG_WARN_DIRECT_OBJC_ISA_USAGE = YES_ERROR;
				CLANG_WARN_DOCUMENTATION_COMMENTS = YES;
				CLANG_WARN_EMPTY_BODY = YES;
				CLANG_WARN_ENUM_CONVERSION = YES;
				CLANG_WARN_INFINITE_RECURSION = YES;
				CLANG_WARN_INT_CONVERSION = YES;
				CLANG_WARN_NON_LITERAL_NULL_CONVERSION = YES;
				CLANG_WARN_OBJC_IMPLICIT_RETAIN_SELF = YES;
				CLANG_WARN_OBJC_LITERAL_CONVERSION = YES;
				CLANG_WARN_OBJC_ROOT_CLASS = YES_ERROR;
				CLANG_WARN_QUOTED_INCLUDE_IN_FRAMEWORK_HEADER = YES;
				CLANG_WARN_RANGE_LOOP_ANALYSIS = YES;
				CLANG_WARN_STRICT_PROTOTYPES = YES;
				CLANG_WARN_SUSPICIOUS_MOVE = YES;
				CLANG_WARN_UNGUARDED_AVAILABILITY = YES_AGGRESSIVE;
				CLANG_WARN_UNREACHABLE_CODE = YES;
				CLANG_WARN__DUPLICATE_METHOD_MATCH = YES;
				COPY_PHASE_STRIP = NO;
				DEBUG_INFORMATION_FORMAT = "dwarf-with-dsym";
				DEVELOPMENT_TEAM = 39GJBP8V5A;
				ENABLE_NS_ASSERTIONS = NO;
				ENABLE_STRICT_OBJC_MSGSEND = YES;
				ENABLE_USER_SCRIPT_SANDBOXING = YES;
				GCC_C_LANGUAGE_STANDARD = gnu17;
				GCC_NO_COMMON_BLOCKS = YES;
				GCC_WARN_64_TO_32_BIT_CONVERSION = YES;
				GCC_WARN_ABOUT_RETURN_TYPE = YES_ERROR;
				GCC_WARN_UNDECLARED_SELECTOR = YES;
				GCC_WARN_UNINITIALIZED_AUTOS = YES_AGGRESSIVE;
				GCC_WARN_UNUSED_FUNCTION = YES;
				GCC_WARN_UNUSED_VARIABLE = YES;
				LOCALIZATION_PREFERS_STRING_CATALOGS = YES;
				MTL_ENABLE_DEBUG_INFO = NO;
				MTL_FAST_MATH = YES;
				SWIFT_COMPILATION_MODE = wholemodule;
			};
			name = Release;
		};
		5DF5FB232F0EC373008EDC76 /* Debug */ = {
			isa = XCBuildConfiguration;
			baseConfigurationReference = 58A1D0018A1D001000000005 /* ReadwiseSecrets.xcconfig */;
			buildSettings = {
				ASSETCATALOG_COMPILER_APPICON_NAME = NotoIcon;
				ASSETCATALOG_COMPILER_GLOBAL_ACCENT_COLOR_NAME = AccentColor;
				CODE_SIGN_ENTITLEMENTS = Noto/Noto.entitlements;
				CODE_SIGN_IDENTITY = "Apple Distribution";
				CODE_SIGN_STYLE = Manual;
				CURRENT_PROJECT_VERSION = 202606110016;
				DEVELOPMENT_TEAM = 39GJBP8V5A;
				ENABLE_HARDENED_RUNTIME = YES;
				ENABLE_PREVIEWS = YES;
				GENERATE_INFOPLIST_FILE = YES;
				INFOPLIST_FILE = Noto/Info.plist;
				INFOPLIST_KEY_CFBundleDisplayName = Noto;
				INFOPLIST_KEY_ITSAppUsesNonExemptEncryption = NO;
				INFOPLIST_KEY_LSSupportsOpeningDocumentsInPlace = YES;
				"INFOPLIST_KEY_UIApplicationSceneManifest_Generation[sdk=iphoneos*]" = YES;
				"INFOPLIST_KEY_UIApplicationSceneManifest_Generation[sdk=iphonesimulator*]" = YES;
				"INFOPLIST_KEY_UIApplicationSupportsIndirectInputEvents[sdk=iphoneos*]" = YES;
				"INFOPLIST_KEY_UIApplicationSupportsIndirectInputEvents[sdk=iphonesimulator*]" = YES;
				INFOPLIST_KEY_UIFileSharingEnabled = YES;
				"INFOPLIST_KEY_UILaunchScreen_Generation[sdk=iphoneos*]" = YES;
				"INFOPLIST_KEY_UILaunchScreen_Generation[sdk=iphonesimulator*]" = YES;
				"INFOPLIST_KEY_UIStatusBarStyle[sdk=iphoneos*]" = UIStatusBarStyleDefault;
				"INFOPLIST_KEY_UIStatusBarStyle[sdk=iphonesimulator*]" = UIStatusBarStyleDefault;
				INFOPLIST_KEY_UISupportedInterfaceOrientations_iPad = "UIInterfaceOrientationPortrait UIInterfaceOrientationPortraitUpsideDown UIInterfaceOrientationLandscapeLeft UIInterfaceOrientationLandscapeRight";
				INFOPLIST_KEY_UISupportedInterfaceOrientations_iPhone = "UIInterfaceOrientationPortrait UIInterfaceOrientationLandscapeLeft UIInterfaceOrientationLandscapeRight";
				IPHONEOS_DEPLOYMENT_TARGET = 26.0;
				LD_RUNPATH_SEARCH_PATHS = "@executable_path/Frameworks";
				"LD_RUNPATH_SEARCH_PATHS[sdk=macosx*]" = "@executable_path/../Frameworks";
				MACOSX_DEPLOYMENT_TARGET = 14.0;
				MARKETING_VERSION = 1.0;
				PRODUCT_BUNDLE_IDENTIFIER = com.eugenechan.Noto;
				PRODUCT_NAME = "$(TARGET_NAME)";
				PROVISIONING_PROFILE_SPECIFIER = "match AppStore com.eugenechan.Noto";
				REGISTER_APP_GROUPS = YES;
				SDKROOT = auto;
				SUPPORTED_PLATFORMS = "iphoneos iphonesimulator macosx xros xrsimulator";
				SWIFT_EMIT_LOC_STRINGS = YES;
				SWIFT_VERSION = 5.0;
				TARGETED_DEVICE_FAMILY = "1,2,7";
				XROS_DEPLOYMENT_TARGET = 2.5;
			};
			name = Debug;
		};
		5DF5FB242F0EC373008EDC76 /* Release */ = {
			isa = XCBuildConfiguration;
			baseConfigurationReference = 58A1D0018A1D001000000005 /* ReadwiseSecrets.xcconfig */;
			buildSettings = {
				ASSETCATALOG_COMPILER_APPICON_NAME = NotoIcon;
				ASSETCATALOG_COMPILER_GLOBAL_ACCENT_COLOR_NAME = AccentColor;
				CODE_SIGN_ENTITLEMENTS = Noto/Noto.entitlements;
				CODE_SIGN_IDENTITY = "Apple Distribution";
				CODE_SIGN_STYLE = Manual;
				CURRENT_PROJECT_VERSION = 202606110016;
				DEVELOPMENT_TEAM = 39GJBP8V5A;
				ENABLE_HARDENED_RUNTIME = YES;
				ENABLE_PREVIEWS = YES;
				GENERATE_INFOPLIST_FILE = YES;
				INFOPLIST_FILE = Noto/Info.plist;
				INFOPLIST_KEY_CFBundleDisplayName = Noto;
				INFOPLIST_KEY_ITSAppUsesNonExemptEncryption = NO;
				INFOPLIST_KEY_LSSupportsOpeningDocumentsInPlace = YES;
				"INFOPLIST_KEY_UIApplicationSceneManifest_Generation[sdk=iphoneos*]" = YES;
				"INFOPLIST_KEY_UIApplicationSceneManifest_Generation[sdk=iphonesimulator*]" = YES;
				"INFOPLIST_KEY_UIApplicationSupportsIndirectInputEvents[sdk=iphoneos*]" = YES;
				"INFOPLIST_KEY_UIApplicationSupportsIndirectInputEvents[sdk=iphonesimulator*]" = YES;
				INFOPLIST_KEY_UIFileSharingEnabled = YES;
				"INFOPLIST_KEY_UILaunchScreen_Generation[sdk=iphoneos*]" = YES;
				"INFOPLIST_KEY_UILaunchScreen_Generation[sdk=iphonesimulator*]" = YES;
				"INFOPLIST_KEY_UIStatusBarStyle[sdk=iphoneos*]" = UIStatusBarStyleDefault;
				"INFOPLIST_KEY_UIStatusBarStyle[sdk=iphonesimulator*]" = UIStatusBarStyleDefault;
				INFOPLIST_KEY_UISupportedInterfaceOrientations_iPad = "UIInterfaceOrientationPortrait UIInterfaceOrientationPortraitUpsideDown UIInterfaceOrientationLandscapeLeft UIInterfaceOrientationLandscapeRight";
				INFOPLIST_KEY_UISupportedInterfaceOrientations_iPhone = "UIInterfaceOrientationPortrait UIInterfaceOrientationLandscapeLeft UIInterfaceOrientationLandscapeRight";
				IPHONEOS_DEPLOYMENT_TARGET = 26.0;
				LD_RUNPATH_SEARCH_PATHS = "@executable_path/Frameworks";
				"LD_RUNPATH_SEARCH_PATHS[sdk=macosx*]" = "@executable_path/../Frameworks";
				MACOSX_DEPLOYMENT_TARGET = 14.0;
				MARKETING_VERSION = 1.0;
				PRODUCT_BUNDLE_IDENTIFIER = com.eugenechan.Noto;
				PRODUCT_NAME = "$(TARGET_NAME)";
				PROVISIONING_PROFILE_SPECIFIER = "match AppStore com.eugenechan.Noto";
				REGISTER_APP_GROUPS = YES;
				SDKROOT = auto;
				SUPPORTED_PLATFORMS = "iphoneos iphonesimulator macosx xros xrsimulator";
				SWIFT_EMIT_LOC_STRINGS = YES;
				SWIFT_VERSION = 5.0;
				TARGETED_DEVICE_FAMILY = "1,2,7";
				XROS_DEPLOYMENT_TARGET = 2.5;
			};
			name = Release;
		};
		5DF5FB262F0EC373008EDC76 /* Debug */ = {
			isa = XCBuildConfiguration;
			buildSettings = {
				BUNDLE_LOADER = "$(TEST_HOST)";
				CODE_SIGN_STYLE = Automatic;
				CURRENT_PROJECT_VERSION = 202606110016;
				DEVELOPMENT_TEAM = 39GJBP8V5A;
				GENERATE_INFOPLIST_FILE = YES;
				IPHONEOS_DEPLOYMENT_TARGET = 26.0;
				MACOSX_DEPLOYMENT_TARGET = 15.5;
				MARKETING_VERSION = 1.0;
				PRODUCT_BUNDLE_IDENTIFIER = com.eugenechan.NotoTests;
				PRODUCT_NAME = "$(TARGET_NAME)";
				SDKROOT = auto;
				SUPPORTED_PLATFORMS = "iphoneos iphonesimulator macosx xros xrsimulator";
				SWIFT_EMIT_LOC_STRINGS = NO;
				SWIFT_VERSION = 5.0;
				TARGETED_DEVICE_FAMILY = "1,2,7";
				TEST_HOST = "$(BUILT_PRODUCTS_DIR)/Noto.app/$(BUNDLE_EXECUTABLE_FOLDER_PATH)/Noto";
				XROS_DEPLOYMENT_TARGET = 2.5;
			};
			name = Debug;
		};
		5DF5FB272F0EC373008EDC76 /* Release */ = {
			isa = XCBuildConfiguration;
			buildSettings = {
				BUNDLE_LOADER = "$(TEST_HOST)";
				CODE_SIGN_STYLE = Automatic;
				CURRENT_PROJECT_VERSION = 202606110016;
				DEVELOPMENT_TEAM = 39GJBP8V5A;
				GENERATE_INFOPLIST_FILE = YES;
				IPHONEOS_DEPLOYMENT_TARGET = 26.0;
				MACOSX_DEPLOYMENT_TARGET = 15.5;
				MARKETING_VERSION = 1.0;
				PRODUCT_BUNDLE_IDENTIFIER = com.eugenechan.NotoTests;
				PRODUCT_NAME = "$(TARGET_NAME)";
				SDKROOT = auto;
				SUPPORTED_PLATFORMS = "iphoneos iphonesimulator macosx xros xrsimulator";
				SWIFT_EMIT_LOC_STRINGS = NO;
				SWIFT_VERSION = 5.0;
				TARGETED_DEVICE_FAMILY = "1,2,7";
				TEST_HOST = "$(BUILT_PRODUCTS_DIR)/Noto.app/$(BUNDLE_EXECUTABLE_FOLDER_PATH)/Noto";
				XROS_DEPLOYMENT_TARGET = 2.5;
			};
			name = Release;
		};
		A20000000000000000000017 /* Debug */ = {
			isa = XCBuildConfiguration;
			baseConfigurationReference = 58A1D0018A1D001000000005 /* ReadwiseSecrets.xcconfig */;
			buildSettings = {
				ASSETCATALOG_COMPILER_APPICON_NAME = Noto2Icon;
				ASSETCATALOG_COMPILER_GLOBAL_ACCENT_COLOR_NAME = AccentColor;
				CODE_SIGN_ENTITLEMENTS = Noto2/Noto2.entitlements;
				CODE_SIGN_IDENTITY = "Apple Distribution";
				CODE_SIGN_STYLE = Manual;
				CURRENT_PROJECT_VERSION = 1;
				DEVELOPMENT_TEAM = 39GJBP8V5A;
				ENABLE_PREVIEWS = YES;
				GENERATE_INFOPLIST_FILE = YES;
				INFOPLIST_FILE = Noto2/Info.plist;
				INFOPLIST_KEY_CFBundleDisplayName = "Noto 2";
				INFOPLIST_KEY_ITSAppUsesNonExemptEncryption = NO;
				INFOPLIST_KEY_LSSupportsOpeningDocumentsInPlace = YES;
				INFOPLIST_KEY_UIApplicationSceneManifest_Generation = YES;
				INFOPLIST_KEY_UIApplicationSupportsIndirectInputEvents = YES;
				INFOPLIST_KEY_UIFileSharingEnabled = YES;
				INFOPLIST_KEY_UILaunchScreen_Generation = YES;
				INFOPLIST_KEY_UIStatusBarStyle = UIStatusBarStyleDefault;
				INFOPLIST_KEY_UISupportedInterfaceOrientations_iPad = "UIInterfaceOrientationPortrait UIInterfaceOrientationPortraitUpsideDown UIInterfaceOrientationLandscapeLeft UIInterfaceOrientationLandscapeRight";
				INFOPLIST_KEY_UISupportedInterfaceOrientations_iPhone = "UIInterfaceOrientationPortrait UIInterfaceOrientationLandscapeLeft UIInterfaceOrientationLandscapeRight";
				IPHONEOS_DEPLOYMENT_TARGET = 26.0;
				LD_RUNPATH_SEARCH_PATHS = "@executable_path/Frameworks";
				MARKETING_VERSION = 0.1.1;
				PRODUCT_BUNDLE_IDENTIFIER = com.eugenechan.Noto2;
				PRODUCT_NAME = "$(TARGET_NAME)";
				PROVISIONING_PROFILE_SPECIFIER = "match AppStore com.eugenechan.Noto2";
				SDKROOT = iphoneos;
				SUPPORTED_PLATFORMS = "iphoneos iphonesimulator";
				SWIFT_EMIT_LOC_STRINGS = YES;
				SWIFT_VERSION = 5.0;
				TARGETED_DEVICE_FAMILY = "1,2";
			};
			name = Debug;
		};
		A20000000000000000000018 /* Release */ = {
			isa = XCBuildConfiguration;
			baseConfigurationReference = 58A1D0018A1D001000000005 /* ReadwiseSecrets.xcconfig */;
			buildSettings = {
				ASSETCATALOG_COMPILER_APPICON_NAME = Noto2Icon;
				ASSETCATALOG_COMPILER_GLOBAL_ACCENT_COLOR_NAME = AccentColor;
				CODE_SIGN_ENTITLEMENTS = Noto2/Noto2.entitlements;
				CODE_SIGN_IDENTITY = "Apple Distribution";
				CODE_SIGN_STYLE = Manual;
				CURRENT_PROJECT_VERSION = 1;
				DEVELOPMENT_TEAM = 39GJBP8V5A;
				ENABLE_PREVIEWS = YES;
				GENERATE_INFOPLIST_FILE = YES;
				INFOPLIST_FILE = Noto2/Info.plist;
				INFOPLIST_KEY_CFBundleDisplayName = "Noto 2";
				INFOPLIST_KEY_ITSAppUsesNonExemptEncryption = NO;
				INFOPLIST_KEY_LSSupportsOpeningDocumentsInPlace = YES;
				INFOPLIST_KEY_UIApplicationSceneManifest_Generation = YES;
				INFOPLIST_KEY_UIApplicationSupportsIndirectInputEvents = YES;
				INFOPLIST_KEY_UIFileSharingEnabled = YES;
				INFOPLIST_KEY_UILaunchScreen_Generation = YES;
				INFOPLIST_KEY_UIStatusBarStyle = UIStatusBarStyleDefault;
				INFOPLIST_KEY_UISupportedInterfaceOrientations_iPad = "UIInterfaceOrientationPortrait UIInterfaceOrientationPortraitUpsideDown UIInterfaceOrientationLandscapeLeft UIInterfaceOrientationLandscapeRight";
				INFOPLIST_KEY_UISupportedInterfaceOrientations_iPhone = "UIInterfaceOrientationPortrait UIInterfaceOrientationLandscapeLeft UIInterfaceOrientationLandscapeRight";
				IPHONEOS_DEPLOYMENT_TARGET = 26.0;
				LD_RUNPATH_SEARCH_PATHS = "@executable_path/Frameworks";
				MARKETING_VERSION = 0.1.1;
				PRODUCT_BUNDLE_IDENTIFIER = com.eugenechan.Noto2;
				PRODUCT_NAME = "$(TARGET_NAME)";
				PROVISIONING_PROFILE_SPECIFIER = "match AppStore com.eugenechan.Noto2";
				SDKROOT = iphoneos;
				SUPPORTED_PLATFORMS = "iphoneos iphonesimulator";
				SWIFT_EMIT_LOC_STRINGS = YES;
				SWIFT_VERSION = 5.0;
				TARGETED_DEVICE_FAMILY = "1,2";
			};
			name = Release;
		};
		A20000000000000000000046 /* Debug */ = {
			isa = XCBuildConfiguration;
			buildSettings = {
				BUNDLE_LOADER = "$(TEST_HOST)";
				CODE_SIGN_STYLE = Automatic;
				CURRENT_PROJECT_VERSION = 1;
				DEVELOPMENT_TEAM = 39GJBP8V5A;
				GENERATE_INFOPLIST_FILE = YES;
				IPHONEOS_DEPLOYMENT_TARGET = 26.0;
				MARKETING_VERSION = 1.0;
				PRODUCT_BUNDLE_IDENTIFIER = com.eugenechan.Noto2Tests;
				PRODUCT_NAME = "$(TARGET_NAME)";
				SDKROOT = iphoneos;
				SUPPORTED_PLATFORMS = "iphoneos iphonesimulator";
				SWIFT_EMIT_LOC_STRINGS = NO;
				SWIFT_VERSION = 5.0;
				TARGETED_DEVICE_FAMILY = "1,2";
				TEST_HOST = "$(BUILT_PRODUCTS_DIR)/Noto2.app/$(BUNDLE_EXECUTABLE_FOLDER_PATH)/Noto2";
			};
			name = Debug;
		};
		A20000000000000000000047 /* Release */ = {
			isa = XCBuildConfiguration;
			buildSettings = {
				BUNDLE_LOADER = "$(TEST_HOST)";
				CODE_SIGN_STYLE = Automatic;
				CURRENT_PROJECT_VERSION = 1;
				DEVELOPMENT_TEAM = 39GJBP8V5A;
				GENERATE_INFOPLIST_FILE = YES;
				IPHONEOS_DEPLOYMENT_TARGET = 26.0;
				MARKETING_VERSION = 1.0;
				PRODUCT_BUNDLE_IDENTIFIER = com.eugenechan.Noto2Tests;
				PRODUCT_NAME = "$(TARGET_NAME)";
				SDKROOT = iphoneos;
				SUPPORTED_PLATFORMS = "iphoneos iphonesimulator";
				SWIFT_EMIT_LOC_STRINGS = NO;
				SWIFT_VERSION = 5.0;
				TARGETED_DEVICE_FAMILY = "1,2";
				TEST_HOST = "$(BUILT_PRODUCTS_DIR)/Noto2.app/$(BUNDLE_EXECUTABLE_FOLDER_PATH)/Noto2";
			};
			name = Release;
		};
		B70000000000000000000015 /* Debug */ = {
			isa = XCBuildConfiguration;
			buildSettings = {
				APPLICATION_EXTENSION_API_ONLY = YES;
				CLANG_ENABLE_OBJC_WEAK = NO;
				CODE_SIGN_ENTITLEMENTS = Noto2ShareExtension/Noto2ShareExtension.entitlements;
				CODE_SIGN_IDENTITY = "Apple Distribution";
				CODE_SIGN_STYLE = Manual;
				CURRENT_PROJECT_VERSION = 1;
				DEVELOPMENT_TEAM = 39GJBP8V5A;
				GENERATE_INFOPLIST_FILE = YES;
				INFOPLIST_FILE = Noto2ShareExtension/Info.plist;
				INFOPLIST_KEY_CFBundleDisplayName = "Noto 2";
				INFOPLIST_KEY_ITSAppUsesNonExemptEncryption = NO;
				IPHONEOS_DEPLOYMENT_TARGET = 26.0;
				LD_RUNPATH_SEARCH_PATHS = (
					"$(inherited)",
					"@executable_path/Frameworks",
					"@executable_path/../../Frameworks",
				);
				MARKETING_VERSION = 0.1.1;
				PRODUCT_BUNDLE_IDENTIFIER = com.eugenechan.Noto2.ShareExtension;
				PRODUCT_NAME = "$(TARGET_NAME)";
				PROVISIONING_PROFILE_SPECIFIER = "match AppStore com.eugenechan.Noto2.ShareExtension";
				SDKROOT = iphoneos;
				SKIP_INSTALL = YES;
				SUPPORTED_PLATFORMS = "iphoneos iphonesimulator";
				SWIFT_EMIT_LOC_STRINGS = YES;
				SWIFT_VERSION = 5.0;
				TARGETED_DEVICE_FAMILY = "1,2";
			};
			name = Debug;
		};
		B70000000000000000000016 /* Release */ = {
			isa = XCBuildConfiguration;
			buildSettings = {
				APPLICATION_EXTENSION_API_ONLY = YES;
				CLANG_ENABLE_OBJC_WEAK = NO;
				CODE_SIGN_ENTITLEMENTS = Noto2ShareExtension/Noto2ShareExtension.entitlements;
				CODE_SIGN_IDENTITY = "Apple Distribution";
				CODE_SIGN_STYLE = Manual;
				CURRENT_PROJECT_VERSION = 1;
				DEVELOPMENT_TEAM = 39GJBP8V5A;
				GENERATE_INFOPLIST_FILE = YES;
				INFOPLIST_FILE = Noto2ShareExtension/Info.plist;
				INFOPLIST_KEY_CFBundleDisplayName = "Noto 2";
				INFOPLIST_KEY_ITSAppUsesNonExemptEncryption = NO;
				IPHONEOS_DEPLOYMENT_TARGET = 26.0;
				LD_RUNPATH_SEARCH_PATHS = (
					"$(inherited)",
					"@executable_path/Frameworks",
					"@executable_path/../../Frameworks",
				);
				MARKETING_VERSION = 0.1.1;
				PRODUCT_BUNDLE_IDENTIFIER = com.eugenechan.Noto2.ShareExtension;
				PRODUCT_NAME = "$(TARGET_NAME)";
				PROVISIONING_PROFILE_SPECIFIER = "match AppStore com.eugenechan.Noto2.ShareExtension";
				SDKROOT = iphoneos;
				SKIP_INSTALL = YES;
				SUPPORTED_PLATFORMS = "iphoneos iphonesimulator";
				SWIFT_EMIT_LOC_STRINGS = YES;
				SWIFT_VERSION = 5.0;
				TARGETED_DEVICE_FAMILY = "1,2";
				VALIDATE_PRODUCT = YES;
			};
			name = Release;
		};
/* End XCBuildConfiguration section */

/* Begin XCConfigurationList section */
		5DE568FC2F80191200EC8657 /* Build configuration list for PBXNativeTarget "NotoMacOSUITests" */ = {
			isa = XCConfigurationList;
			buildConfigurations = (
				5DE568FD2F80191200EC8657 /* Debug */,
				5DE568FE2F80191200EC8657 /* Release */,
			);
			defaultConfigurationIsVisible = 0;
			defaultConfigurationName = Release;
		};
		5DE5690B2F80191F00EC8657 /* Build configuration list for PBXNativeTarget "NotoiOSUITests" */ = {
			isa = XCConfigurationList;
			buildConfigurations = (
				5DE5690C2F80191F00EC8657 /* Debug */,
				5DE5690D2F80191F00EC8657 /* Release */,
			);
			defaultConfigurationIsVisible = 0;
			defaultConfigurationName = Release;
		};
		5DF5FAF92F0EC372008EDC76 /* Build configuration list for PBXProject "Noto" */ = {
			isa = XCConfigurationList;
			buildConfigurations = (
				5DF5FB202F0EC373008EDC76 /* Debug */,
				5DF5FB212F0EC373008EDC76 /* Release */,
			);
			defaultConfigurationIsVisible = 0;
			defaultConfigurationName = Release;
		};
		5DF5FB222F0EC373008EDC76 /* Build configuration list for PBXNativeTarget "Noto" */ = {
			isa = XCConfigurationList;
			buildConfigurations = (
				5DF5FB232F0EC373008EDC76 /* Debug */,
				5DF5FB242F0EC373008EDC76 /* Release */,
			);
			defaultConfigurationIsVisible = 0;
			defaultConfigurationName = Release;
		};
		5DF5FB252F0EC373008EDC76 /* Build configuration list for PBXNativeTarget "NotoTests" */ = {
			isa = XCConfigurationList;
			buildConfigurations = (
				5DF5FB262F0EC373008EDC76 /* Debug */,
				5DF5FB272F0EC373008EDC76 /* Release */,
			);
			defaultConfigurationIsVisible = 0;
			defaultConfigurationName = Release;
		};
		843B3F746821390712E4C374 /* Build configuration list for PBXNativeTarget "Noto2QuickCaptureControl" */ = {
			isa = XCConfigurationList;
			buildConfigurations = (
				1B4390EE89B576DCA1F98522 /* Release */,
				0557F309D735C952E8C8B190 /* Debug */,
			);
			defaultConfigurationIsVisible = 0;
			defaultConfigurationName = Release;
		};
		A20000000000000000000016 /* Build configuration list for PBXNativeTarget "Noto2" */ = {
			isa = XCConfigurationList;
			buildConfigurations = (
				A20000000000000000000017 /* Debug */,
				A20000000000000000000018 /* Release */,
			);
			defaultConfigurationIsVisible = 0;
			defaultConfigurationName = Release;
		};
		A20000000000000000000045 /* Build configuration list for PBXNativeTarget "Noto2Tests" */ = {
			isa = XCConfigurationList;
			buildConfigurations = (
				A20000000000000000000046 /* Debug */,
				A20000000000000000000047 /* Release */,
			);
			defaultConfigurationIsVisible = 0;
			defaultConfigurationName = Release;
		};
		B70000000000000000000014 /* Build configuration list for PBXNativeTarget "Noto2ShareExtension" */ = {
			isa = XCConfigurationList;
			buildConfigurations = (
				B70000000000000000000015 /* Debug */,
				B70000000000000000000016 /* Release */,
			);
			defaultConfigurationIsVisible = 0;
			defaultConfigurationName = Release;
		};
/* End XCConfigurationList section */

/* Begin XCLocalSwiftPackageReference section */
		5831AD9D88F8B9B95655CC96 /* XCLocalSwiftPackageReference "NotoReadwiseSync" */ = {
			isa = XCLocalSwiftPackageReference;
			relativePath = Packages/NotoReadwiseSync;
		};
		58A1D0018A1D00100000000A /* XCLocalSwiftPackageReference "NotoChat" */ = {
			isa = XCLocalSwiftPackageReference;
			relativePath = Packages/NotoChat;
		};
		58A1D0018A1D00100000000D /* XCLocalSwiftPackageReference "NotoEmbedding" */ = {
			isa = XCLocalSwiftPackageReference;
			relativePath = Packages/NotoEmbedding;
		};
		5DF600000000000000000003 /* XCLocalSwiftPackageReference "NotoTags" */ = {
			isa = XCLocalSwiftPackageReference;
			relativePath = Packages/NotoTags;
		};
		A20000000000000000000070 /* XCLocalSwiftPackageReference "NotoDigest" */ = {
			isa = XCLocalSwiftPackageReference;
			relativePath = Packages/NotoDigest;
		};
		AABB000B000000000000000B /* XCLocalSwiftPackageReference "NotoVault" */ = {
			isa = XCLocalSwiftPackageReference;
			relativePath = Packages/NotoVault;
		};
		B70000000000000000000019 /* XCLocalSwiftPackageReference "NotoShareCapture" */ = {
			isa = XCLocalSwiftPackageReference;
			relativePath = Packages/NotoShareCapture;
		};
		B70000000000000000000036 /* XCLocalSwiftPackageReference "NotoLinkPreview" */ = {
			isa = XCLocalSwiftPackageReference;
			relativePath = Packages/NotoLinkPreview;
		};
		DD2E424822EC2E30DB9B7950 /* XCLocalSwiftPackageReference "NotoSearch" */ = {
			isa = XCLocalSwiftPackageReference;
			relativePath = Packages/NotoSearch;
		};
/* End XCLocalSwiftPackageReference section */

/* Begin XCSwiftPackageProductDependency section */
		58A1D0018A1D001000000003 /* NotoReadwiseSyncCore */ = {
			isa = XCSwiftPackageProductDependency;
			productName = NotoReadwiseSyncCore;
		};
		58A1D0018A1D001000000004 /* NotoReadwiseSyncCore */ = {
			isa = XCSwiftPackageProductDependency;
			productName = NotoReadwiseSyncCore;
		};
		58A1D0018A1D001000000008 /* NotoSearch */ = {
			isa = XCSwiftPackageProductDependency;
			productName = NotoSearch;
		};
		58A1D0018A1D00100000000B /* NotoChat */ = {
			isa = XCSwiftPackageProductDependency;
			productName = NotoChat;
		};
		58A1D0018A1D00100000000E /* NotoEmbedding */ = {
			isa = XCSwiftPackageProductDependency;
			productName = NotoEmbedding;
		};
		5DF600000000000000000002 /* NotoTags */ = {
			isa = XCSwiftPackageProductDependency;
			productName = NotoTags;
		};
		A20000000000000000000020 /* NotoVault */ = {
			isa = XCSwiftPackageProductDependency;
			productName = NotoVault;
		};
		A20000000000000000000021 /* NotoTags */ = {
			isa = XCSwiftPackageProductDependency;
			productName = NotoTags;
		};
		A20000000000000000000022 /* NotoSearch */ = {
			isa = XCSwiftPackageProductDependency;
			productName = NotoSearch;
		};
		A20000000000000000000023 /* NotoChat */ = {
			isa = XCSwiftPackageProductDependency;
			productName = NotoChat;
		};
		A20000000000000000000024 /* NotoEmbedding */ = {
			isa = XCSwiftPackageProductDependency;
			productName = NotoEmbedding;
		};
		A20000000000000000000025 /* NotoDigest */ = {
			isa = XCSwiftPackageProductDependency;
			productName = NotoDigest;
		};
		A20000000000000000000050 /* NotoVault */ = {
			isa = XCSwiftPackageProductDependency;
			productName = NotoVault;
		};
		A20000000000000000000052 /* NotoSearch */ = {
			isa = XCSwiftPackageProductDependency;
			productName = NotoSearch;
		};
		A20000000000000000000054 /* NotoDigest */ = {
			isa = XCSwiftPackageProductDependency;
			productName = NotoDigest;
		};
		B70000000000000000000020 /* NotoShareCapture */ = {
			isa = XCSwiftPackageProductDependency;
			productName = NotoShareCapture;
		};
		B70000000000000000000022 /* NotoShareCapture */ = {
			isa = XCSwiftPackageProductDependency;
			productName = NotoShareCapture;
		};
		B70000000000000000000024 /* NotoShareCapture */ = {
			isa = XCSwiftPackageProductDependency;
			productName = NotoShareCapture;
		};
		B70000000000000000000026 /* NotoShareCapture */ = {
			isa = XCSwiftPackageProductDependency;
			productName = NotoShareCapture;
		};
		B70000000000000000000031 /* NotoLinkPreview */ = {
			isa = XCSwiftPackageProductDependency;
			productName = NotoLinkPreview;
		};
		B70000000000000000000033 /* NotoLinkPreview */ = {
			isa = XCSwiftPackageProductDependency;
			productName = NotoLinkPreview;
		};
		B70000000000000000000035 /* NotoLinkPreview */ = {
			isa = XCSwiftPackageProductDependency;
			productName = NotoLinkPreview;
		};
		CCDD000B000000000000000B /* NotoVault */ = {
			isa = XCSwiftPackageProductDependency;
			productName = NotoVault;
		};
		EEFF000B000000000000000B /* NotoVault */ = {
			isa = XCSwiftPackageProductDependency;
			productName = NotoVault;
		};
/* End XCSwiftPackageProductDependency section */
	};
	rootObject = 5DF5FAF62F0EC372008EDC76 /* Project object */;
}
