{
  "originHash" : "209d6dc9b0d14c027882794889f91291a3db2c4d2fc2fc7fb3239ed58d176d5f",
  "pins" : [
    {
      "identity" : "usearch",
      "kind" : "remoteSourceControl",
      "location" : "https://github.com/unum-cloud/usearch",
      "state" : {
        "revision" : "40d127f472e9073875566f0e9308c0302b89100a",
        "version" : "2.24.0"
      }
    }
  ],
  "version" : 3
}
